
Microsoft Visual Studio Solution File, Format Version 11.00
# Visual Studio 2010
Project("{8BC9CEB8-8B4A-11D0-8D11-00A0C91BC942}") = "HpaLabs", "HpaLabs\HpaLabs.vcxproj", "{A667E663-14C5-44B0-816E-549F1A0F2229}"
EndProject
Global
	GlobalSection(SolutionConfigurationPlatforms) = preSolution
		Debug|Win32 = Debug|Win32
		Release|Win32 = Release|Win32
	EndGlobalSection
	GlobalSection(ProjectConfigurationPlatforms) = postSolution
		{A667E663-14C5-44B0-816E-549F1A0F2229}.Debug|Win32.ActiveCfg = Debug|Win32
		{A667E663-14C5-44B0-816E-549F1A0F2229}.Debug|Win32.Build.0 = Debug|Win32
		{A667E663-14C5-44B0-816E-549F1A0F2229}.Release|Win32.ActiveCfg = Release|Win32
		{A667E663-14C5-44B0-816E-549F1A0F2229}.Release|Win32.Build.0 = Release|Win32
	EndGlobalSection
	GlobalSection(SolutionProperties) = preSolution
		HideSolutionNode = FALSE
	EndGlobalSection
EndGlobal
